
Microsoft Visual Studio Solution File, Format Version 12.00
# Visual Studio 15
VisualStudioVersion = 15.0.27703.2035
MinimumVisualStudioVersion = 10.0.40219.1
Project("{FAE04EC0-301F-11D3-BF4B-00C04F79EFBC}") = "Bank", "Bank\Bank.csproj", "{260C9F7A-94CC-43C1-B621-717229FE56D2}"
EndProject
Global
	GlobalSection(SolutionConfigurationPlatforms) = preSolution
		Debug|Any CPU = Debug|Any CPU
		Release|Any CPU = Release|Any CPU
	EndGlobalSection
	GlobalSection(ProjectConfigurationPlatforms) = postSolution
		{260C9F7A-94CC-43C1-B621-717229FE56D2}.Debug|Any CPU.ActiveCfg = Debug|Any CPU
		{260C9F7A-94CC-43C1-B621-717229FE56D2}.Debug|Any CPU.Build.0 = Debug|Any CPU
		{260C9F7A-94CC-43C1-B621-717229FE56D2}.Release|Any CPU.ActiveCfg = Release|Any CPU
		{260C9F7A-94CC-43C1-B621-717229FE56D2}.Release|Any CPU.Build.0 = Release|Any CPU
	EndGlobalSection
	GlobalSection(SolutionProperties) = preSolution
		HideSolutionNode = FALSE
	EndGlobalSection
	GlobalSection(ExtensibilityGlobals) = postSolution
		SolutionGuid = {376C11E3-FFF7-4FD4-BA51-204FC5D16F14}
	EndGlobalSection
EndGlobal
